
Microsoft Visual Studio Solution File, Format Version 12.00
# Visual Studio Version 17
VisualStudioVersion = 17.11.35312.102
MinimumVisualStudioVersion = 10.0.40219.1
Project("{FAE04EC0-301F-11D3-BF4B-00C04F79EFBC}") = "WFA_SketchVer", "WFA_SketchVer\WFA_SketchVer.csproj", "{44BC56F2-EBBF-472B-B96B-A13862F121D6}"
EndProject
Global
	GlobalSection(SolutionConfigurationPlatforms) = preSolution
		Debug|Any CPU = Debug|Any CPU
		Release|Any CPU = Release|Any CPU
	EndGlobalSection
	GlobalSection(ProjectConfigurationPlatforms) = postSolution
		{44BC56F2-EBBF-472B-B96B-A13862F121D6}.Debug|Any CPU.ActiveCfg = Debug|Any CPU
		{44BC56F2-EBBF-472B-B96B-A13862F121D6}.Debug|Any CPU.Build.0 = Debug|Any CPU
		{44BC56F2-EBBF-472B-B96B-A13862F121D6}.Release|Any CPU.ActiveCfg = Release|Any CPU
		{44BC56F2-EBBF-472B-B96B-A13862F121D6}.Release|Any CPU.Build.0 = Release|Any CPU
	EndGlobalSection
	GlobalSection(SolutionProperties) = preSolution
		HideSolutionNode = FALSE
	EndGlobalSection
	GlobalSection(ExtensibilityGlobals) = postSolution
		SolutionGuid = {4601151F-12E9-4B02-A907-A9B5F82EBA1B}
	EndGlobalSection
EndGlobal
